// !$*UTF8*$!
{
	archiveVersion = 1;
	classes = {
	};
	objectVersion = 46;
	objects = {

/* Begin PBXBuildFile section */
		54AEF5D036BD4BF799A85EAC /* libPods-Custom.a in Frameworks */ = {isa = PBXBuildFile; fileRef = D7BE41B6E8670057A810BC4C /* libPods-Custom.a */; };
		971A6D281D13A5600074C413 /* ChatManager.m in Sources */ = {isa = PBXBuildFile; fileRef = 971A6D271D13A5600074C413 /* ChatManager.m */; };
		9739A93E1B6A3900003909B8 /* WatchKit.framework in Frameworks */ = {isa = PBXBuildFile; fileRef = 9739A93D1B6A3900003909B8 /* WatchKit.framework */; };
		9754399E1B3917F8004060DF /* main.m in Sources */ = {isa = PBXBuildFile; fileRef = 9754399D1B3917F8004060DF /* main.m */; };
		975439A11B3917F8004060DF /* AppDelegate.m in Sources */ = {isa = PBXBuildFile; fileRef = 975439A01B3917F8004060DF /* AppDelegate.m */; };
		975439A41B3917F8004060DF /* ViewController.m in Sources */ = {isa = PBXBuildFile; fileRef = 975439A31B3917F8004060DF /* ViewController.m */; };
		975439A71B3917F8004060DF /* Main.storyboard in Resources */ = {isa = PBXBuildFile; fileRef = 975439A51B3917F8004060DF /* Main.storyboard */; };
		975439A91B3917F8004060DF /* Images.xcassets in Resources */ = {isa = PBXBuildFile; fileRef = 975439A81B3917F8004060DF /* Images.xcassets */; };
		975439AC1B3917F8004060DF /* LaunchScreen.xib in Resources */ = {isa = PBXBuildFile; fileRef = 975439AA1B3917F8004060DF /* LaunchScreen.xib */; };
		975439B81B3917F8004060DF /* CustomTests.m in Sources */ = {isa = PBXBuildFile; fileRef = 975439B71B3917F8004060DF /* CustomTests.m */; };
		97EE73AA1B9D841200838429 /* pic1.jpg in Resources */ = {isa = PBXBuildFile; fileRef = 97EE73A71B9D841200838429 /* pic1.jpg */; };
		97EE73AB1B9D841200838429 /* pic2.jpg in Resources */ = {isa = PBXBuildFile; fileRef = 97EE73A81B9D841200838429 /* pic2.jpg */; };
		97EE73AC1B9D841200838429 /* pic3.jpg in Resources */ = {isa = PBXBuildFile; fileRef = 97EE73A91B9D841200838429 /* pic3.jpg */; };
/* End PBXBuildFile section */

/* Begin PBXContainerItemProxy section */
		975439B21B3917F8004060DF /* PBXContainerItemProxy */ = {
			isa = PBXContainerItemProxy;
			containerPortal = 975439901B3917F8004060DF /* Project object */;
			proxyType = 1;
			remoteGlobalIDString = 975439971B3917F8004060DF;
			remoteInfo = Custom;
		};
/* End PBXContainerItemProxy section */

/* Begin PBXFileReference section */
		221A887F0CA205EC64D3AC37 /* Pods-Custom.release.xcconfig */ = {isa = PBXFileReference; includeInIndex = 1; lastKnownFileType = text.xcconfig; name = "Pods-Custom.release.xcconfig"; path = "Pods/Target Support Files/Pods-Custom/Pods-Custom.release.xcconfig"; sourceTree = "<group>"; };
		971A6D261D13A5600074C413 /* ChatManager.h */ = {isa = PBXFileReference; fileEncoding = 4; lastKnownFileType = sourcecode.c.h; path = ChatManager.h; sourceTree = "<group>"; };
		971A6D271D13A5600074C413 /* ChatManager.m */ = {isa = PBXFileReference; fileEncoding = 4; lastKnownFileType = sourcecode.c.objc; path = ChatManager.m; sourceTree = "<group>"; };
		9739A93D1B6A3900003909B8 /* WatchKit.framework */ = {isa = PBXFileReference; lastKnownFileType = wrapper.framework; name = WatchKit.framework; path = System/Library/Frameworks/WatchKit.framework; sourceTree = SDKROOT; };
		975439981B3917F8004060DF /* Custom.app */ = {isa = PBXFileReference; explicitFileType = wrapper.application; includeInIndex = 0; path = Custom.app; sourceTree = BUILT_PRODUCTS_DIR; };
		9754399C1B3917F8004060DF /* Info.plist */ = {isa = PBXFileReference; lastKnownFileType = text.plist.xml; path = Info.plist; sourceTree = "<group>"; };
		9754399D1B3917F8004060DF /* main.m */ = {isa = PBXFileReference; lastKnownFileType = sourcecode.c.objc; path = main.m; sourceTree = "<group>"; };
		9754399F1B3917F8004060DF /* AppDelegate.h */ = {isa = PBXFileReference; lastKnownFileType = sourcecode.c.h; path = AppDelegate.h; sourceTree = "<group>"; };
		975439A01B3917F8004060DF /* AppDelegate.m */ = {isa = PBXFileReference; lastKnownFileType = sourcecode.c.objc; path = AppDelegate.m; sourceTree = "<group>"; };
		975439A21B3917F8004060DF /* ViewController.h */ = {isa = PBXFileReference; lastKnownFileType = sourcecode.c.h; path = ViewController.h; sourceTree = "<group>"; };
		975439A31B3917F8004060DF /* ViewController.m */ = {isa = PBXFileReference; lastKnownFileType = sourcecode.c.objc; path = ViewController.m; sourceTree = "<group>"; };
		975439A61B3917F8004060DF /* Base */ = {isa = PBXFileReference; lastKnownFileType = file.storyboard; name = Base; path = Base.lproj/Main.storyboard; sourceTree = "<group>"; };
		975439A81B3917F8004060DF /* Images.xcassets */ = {isa = PBXFileReference; lastKnownFileType = folder.assetcatalog; path = Images.xcassets; sourceTree = "<group>"; };
		975439AB1B3917F8004060DF /* Base */ = {isa = PBXFileReference; lastKnownFileType = file.xib; name = Base; path = Base.lproj/LaunchScreen.xib; sourceTree = "<group>"; };
		975439B11B3917F8004060DF /* CustomTests.xctest */ = {isa = PBXFileReference; explicitFileType = wrapper.cfbundle; includeInIndex = 0; path = CustomTests.xctest; sourceTree = BUILT_PRODUCTS_DIR; };
		975439B61B3917F8004060DF /* Info.plist */ = {isa = PBXFileReference; lastKnownFileType = text.plist.xml; path = Info.plist; sourceTree = "<group>"; };
		975439B71B3917F8004060DF /* CustomTests.m */ = {isa = PBXFileReference; lastKnownFileType = sourcecode.c.objc; path = CustomTests.m; sourceTree = "<group>"; };
		97EE73A71B9D841200838429 /* pic1.jpg */ = {isa = PBXFileReference; lastKnownFileType = image.jpeg; path = pic1.jpg; sourceTree = "<group>"; };
		97EE73A81B9D841200838429 /* pic2.jpg */ = {isa = PBXFileReference; lastKnownFileType = image.jpeg; path = pic2.jpg; sourceTree = "<group>"; };
		97EE73A91B9D841200838429 /* pic3.jpg */ = {isa = PBXFileReference; lastKnownFileType = image.jpeg; path = pic3.jpg; sourceTree = "<group>"; };
		A86FD82D50FFB160FDFAF0C1 /* Pods-Custom.debug.xcconfig */ = {isa = PBXFileReference; includeInIndex = 1; lastKnownFileType = text.xcconfig; name = "Pods-Custom.debug.xcconfig"; path = "Pods/Target Support Files/Pods-Custom/Pods-Custom.debug.xcconfig"; sourceTree = "<group>"; };
		D7BE41B6E8670057A810BC4C /* libPods-Custom.a */ = {isa = PBXFileReference; explicitFileType = archive.ar; includeInIndex = 0; path = "libPods-Custom.a"; sourceTree = BUILT_PRODUCTS_DIR; };
/* End PBXFileReference section */

/* Begin PBXFrameworksBuildPhase section */
		975439951B3917F8004060DF /* Frameworks */ = {
			isa = PBXFrameworksBuildPhase;
			buildActionMask = 2147483647;
			files = (
				9739A93E1B6A3900003909B8 /* WatchKit.framework in Frameworks */,
				54AEF5D036BD4BF799A85EAC /* libPods-Custom.a in Frameworks */,
			);
			runOnlyForDeploymentPostprocessing = 0;
		};
		975439AE1B3917F8004060DF /* Frameworks */ = {
			isa = PBXFrameworksBuildPhase;
			buildActionMask = 2147483647;
			files = (
			);
			runOnlyForDeploymentPostprocessing = 0;
		};
/* End PBXFrameworksBuildPhase section */

/* Begin PBXGroup section */
		1383268D59538C33C30B954C /* Pods */ = {
			isa = PBXGroup;
			children = (
				A86FD82D50FFB160FDFAF0C1 /* Pods-Custom.debug.xcconfig */,
				221A887F0CA205EC64D3AC37 /* Pods-Custom.release.xcconfig */,
			);
			name = Pods;
			sourceTree = "<group>";
		};
		9754398F1B3917F8004060DF = {
			isa = PBXGroup;
			children = (
				9754399A1B3917F8004060DF /* Custom */,
				975439B41B3917F8004060DF /* CustomTests */,
				975439991B3917F8004060DF /* Products */,
				1383268D59538C33C30B954C /* Pods */,
				E2DF000F7F5A79A52F92386D /* Frameworks */,
			);
			sourceTree = "<group>";
		};
		975439991B3917F8004060DF /* Products */ = {
			isa = PBXGroup;
			children = (
				975439981B3917F8004060DF /* Custom.app */,
				975439B11B3917F8004060DF /* CustomTests.xctest */,
			);
			name = Products;
			sourceTree = "<group>";
		};
		9754399A1B3917F8004060DF /* Custom */ = {
			isa = PBXGroup;
			children = (
				97EE73A71B9D841200838429 /* pic1.jpg */,
				97EE73A81B9D841200838429 /* pic2.jpg */,
				97EE73A91B9D841200838429 /* pic3.jpg */,
				9754399F1B3917F8004060DF /* AppDelegate.h */,
				975439A01B3917F8004060DF /* AppDelegate.m */,
				975439A21B3917F8004060DF /* ViewController.h */,
				975439A31B3917F8004060DF /* ViewController.m */,
				971A6D261D13A5600074C413 /* ChatManager.h */,
				971A6D271D13A5600074C413 /* ChatManager.m */,
				975439A51B3917F8004060DF /* Main.storyboard */,
				975439A81B3917F8004060DF /* Images.xcassets */,
				975439AA1B3917F8004060DF /* LaunchScreen.xib */,
				9754399B1B3917F8004060DF /* Supporting Files */,
			);
			path = Custom;
			sourceTree = "<group>";
		};
		9754399B1B3917F8004060DF /* Supporting Files */ = {
			isa = PBXGroup;
			children = (
				9754399C1B3917F8004060DF /* Info.plist */,
				9754399D1B3917F8004060DF /* main.m */,
			);
			name = "Supporting Files";
			sourceTree = "<group>";
		};
		975439B41B3917F8004060DF /* CustomTests */ = {
			isa = PBXGroup;
			children = (
				975439B71B3917F8004060DF /* CustomTests.m */,
				975439B51B3917F8004060DF /* Supporting Files */,
			);
			path = CustomTests;
			sourceTree = "<group>";
		};
		975439B51B3917F8004060DF /* Supporting Files */ = {
			isa = PBXGroup;
			children = (
				975439B61B3917F8004060DF /* Info.plist */,
			);
			name = "Supporting Files";
			sourceTree = "<group>";
		};
		E2DF000F7F5A79A52F92386D /* Frameworks */ = {
			isa = PBXGroup;
			children = (
				9739A93D1B6A3900003909B8 /* WatchKit.framework */,
				D7BE41B6E8670057A810BC4C /* libPods-Custom.a */,
			);
			name = Frameworks;
			sourceTree = "<group>";
		};
/* End PBXGroup section */

/* Begin PBXNativeTarget section */
		975439971B3917F8004060DF /* Custom */ = {
			isa = PBXNativeTarget;
			buildConfigurationList = 975439BB1B3917F8004060DF /* Build configuration list for PBXNativeTarget "Custom" */;
			buildPhases = (
				F68B36B0FA3FFA7160BAF684 /* Check Pods Manifest.lock */,
				975439941B3917F8004060DF /* Sources */,
				975439951B3917F8004060DF /* Frameworks */,
				975439961B3917F8004060DF /* Resources */,
				D7F24C8A6062635EE7229136 /* Copy Pods Resources */,
			);
			buildRules = (
			);
			dependencies = (
			);
			name = Custom;
			productName = Custom;
			productReference = 975439981B3917F8004060DF /* Custom.app */;
			productType = "com.apple.product-type.application";
		};
		975439B01B3917F8004060DF /* CustomTests */ = {
			isa = PBXNativeTarget;
			buildConfigurationList = 975439BE1B3917F8004060DF /* Build configuration list for PBXNativeTarget "CustomTests" */;
			buildPhases = (
				975439AD1B3917F8004060DF /* Sources */,
				975439AE1B3917F8004060DF /* Frameworks */,
				975439AF1B3917F8004060DF /* Resources */,
			);
			buildRules = (
			);
			dependencies = (
				975439B31B3917F8004060DF /* PBXTargetDependency */,
			);
			name = CustomTests;
			productName = CustomTests;
			productReference = 975439B11B3917F8004060DF /* CustomTests.xctest */;
			productType = "com.apple.product-type.bundle.unit-test";
		};
/* End PBXNativeTarget section */

/* Begin PBXProject section */
		975439901B3917F8004060DF /* Project object */ = {
			isa = PBXProject;
			attributes = {
				LastUpgradeCheck = 0630;
				ORGANIZATIONNAME = jiahao;
				TargetAttributes = {
					975439971B3917F8004060DF = {
						CreatedOnToolsVersion = 6.3.2;
					};
					975439B01B3917F8004060DF = {
						CreatedOnToolsVersion = 6.3.2;
						TestTargetID = 975439971B3917F8004060DF;
					};
				};
			};
			buildConfigurationList = 975439931B3917F8004060DF /* Build configuration list for PBXProject "Custom" */;
			compatibilityVersion = "Xcode 3.2";
			developmentRegion = English;
			hasScannedForEncodings = 0;
			knownRegions = (
				en,
				Base,
			);
			mainGroup = 9754398F1B3917F8004060DF;
			productRefGroup = 975439991B3917F8004060DF /* Products */;
			projectDirPath = "";
			projectRoot = "";
			targets = (
				975439971B3917F8004060DF /* Custom */,
				975439B01B3917F8004060DF /* CustomTests */,
			);
		};
/* End PBXProject section */

/* Begin PBXResourcesBuildPhase section */
		975439961B3917F8004060DF /* Resources */ = {
			isa = PBXResourcesBuildPhase;
			buildActionMask = 2147483647;
			files = (
				975439A71B3917F8004060DF /* Main.storyboard in Resources */,
				97EE73AA1B9D841200838429 /* pic1.jpg in Resources */,
				975439AC1B3917F8004060DF /* LaunchScreen.xib in Resources */,
				97EE73AC1B9D841200838429 /* pic3.jpg in Resources */,
				97EE73AB1B9D841200838429 /* pic2.jpg in Resources */,
				975439A91B3917F8004060DF /* Images.xcassets in Resources */,
			);
			runOnlyForDeploymentPostprocessing = 0;
		};
		975439AF1B3917F8004060DF /* Resources */ = {
			isa = PBXResourcesBuildPhase;
			buildActionMask = 2147483647;
			files = (
			);
			runOnlyForDeploymentPostprocessing = 0;
		};
/* End PBXResourcesBuildPhase section */

/* Begin PBXShellScriptBuildPhase section */
		D7F24C8A6062635EE7229136 /* Copy Pods Resources */ = {
			isa = PBXShellScriptBuildPhase;
			buildActionMask = 2147483647;
			files = (
			);
			inputPaths = (
			);
			name = "Copy Pods Resources";
			outputPaths = (
			);
			runOnlyForDeploymentPostprocessing = 0;
			shellPath = /bin/sh;
			shellScript = "\"${SRCROOT}/Pods/Target Support Files/Pods-Custom/Pods-Custom-resources.sh\"\n";
			showEnvVarsInLog = 0;
		};
		F68B36B0FA3FFA7160BAF684 /* Check Pods Manifest.lock */ = {
			isa = PBXShellScriptBuildPhase;
			buildActionMask = 2147483647;
			files = (
			);
			inputPaths = (
			);
			name = "Check Pods Manifest.lock";
			outputPaths = (
			);
			runOnlyForDeploymentPostprocessing = 0;
			shellPath = /bin/sh;
			shellScript = "diff \"${PODS_ROOT}/../Podfile.lock\" \"${PODS_ROOT}/Manifest.lock\" > /dev/null\nif [[ $? != 0 ]] ; then\n    cat << EOM\nerror: The sandbox is not in sync with the Podfile.lock. Run 'pod install' or update your CocoaPods installation.\nEOM\n    exit 1\nfi\n";
			showEnvVarsInLog = 0;
		};
/* End PBXShellScriptBuildPhase section */

/* Begin PBXSourcesBuildPhase section */
		975439941B3917F8004060DF /* Sources */ = {
			isa = PBXSourcesBuildPhase;
			buildActionMask = 2147483647;
			files = (
				975439A41B3917F8004060DF /* ViewController.m in Sources */,
				975439A11B3917F8004060DF /* AppDelegate.m in Sources */,
				9754399E1B3917F8004060DF /* main.m in Sources */,
				971A6D281D13A5600074C413 /* ChatManager.m in Sources */,
			);
			runOnlyForDeploymentPostprocessing = 0;
		};
		975439AD1B3917F8004060DF /* Sources */ = {
			isa = PBXSourcesBuildPhase;
			buildActionMask = 2147483647;
			files = (
				975439B81B3917F8004060DF /* CustomTests.m in Sources */,
			);
			runOnlyForDeploymentPostprocessing = 0;
		};
/* End PBXSourcesBuildPhase section */

/* Begin PBXTargetDependency section */
		975439B31B3917F8004060DF /* PBXTargetDependency */ = {
			isa = PBXTargetDependency;
			target = 975439971B3917F8004060DF /* Custom */;
			targetProxy = 975439B21B3917F8004060DF /* PBXContainerItemProxy */;
		};
/* End PBXTargetDependency section */

/* Begin PBXVariantGroup section */
		975439A51B3917F8004060DF /* Main.storyboard */ = {
			isa = PBXVariantGroup;
			children = (
				975439A61B3917F8004060DF /* Base */,
			);
			name = Main.storyboard;
			sourceTree = "<group>";
		};
		975439AA1B3917F8004060DF /* LaunchScreen.xib */ = {
			isa = PBXVariantGroup;
			children = (
				975439AB1B3917F8004060DF /* Base */,
			);
			name = LaunchScreen.xib;
			sourceTree = "<group>";
		};
/* End PBXVariantGroup section */

/* Begin XCBuildConfiguration section */
		975439B91B3917F8004060DF /* Debug */ = {
			isa = XCBuildConfiguration;
			buildSettings = {
				ALWAYS_SEARCH_USER_PATHS = NO;
				CLANG_CXX_LANGUAGE_STANDARD = "gnu++0x";
				CLANG_CXX_LIBRARY = "libc++";
				CLANG_ENABLE_MODULES = YES;
				CLANG_ENABLE_OBJC_ARC = YES;
				CLANG_WARN_BOOL_CONVERSION = YES;
				CLANG_WARN_CONSTANT_CONVERSION = YES;
				CLANG_WARN_DIRECT_OBJC_ISA_USAGE = YES_ERROR;
				CLANG_WARN_EMPTY_BODY = YES;
				CLANG_WARN_ENUM_CONVERSION = YES;
				CLANG_WARN_INT_CONVERSION = YES;
				CLANG_WARN_OBJC_ROOT_CLASS = YES_ERROR;
				CLANG_WARN_UNREACHABLE_CODE = YES;
				CLANG_WARN__DUPLICATE_METHOD_MATCH = YES;
				"CODE_SIGN_IDENTITY[sdk=iphoneos*]" = "iPhone Developer";
				COPY_PHASE_STRIP = NO;
				DEBUG_INFORMATION_FORMAT = "dwarf-with-dsym";
				ENABLE_STRICT_OBJC_MSGSEND = YES;
				GCC_C_LANGUAGE_STANDARD = gnu99;
				GCC_DYNAMIC_NO_PIC = NO;
				GCC_NO_COMMON_BLOCKS = YES;
				GCC_OPTIMIZATION_LEVEL = 0;
				GCC_PREPROCESSOR_DEFINITIONS = (
					"DEBUG=1",
					"$(inherited)",
				);
				GCC_SYMBOLS_PRIVATE_EXTERN = NO;
				GCC_WARN_64_TO_32_BIT_CONVERSION = YES;
				GCC_WARN_ABOUT_RETURN_TYPE = YES_ERROR;
				GCC_WARN_UNDECLARED_SELECTOR = YES;
				GCC_WARN_UNINITIALIZED_AUTOS = YES_AGGRESSIVE;
				GCC_WARN_UNUSED_FUNCTION = YES;
				GCC_WARN_UNUSED_VARIABLE = YES;
				IPHONEOS_DEPLOYMENT_TARGET = 8.3;
				MTL_ENABLE_DEBUG_INFO = YES;
				ONLY_ACTIVE_ARCH = YES;
				SDKROOT = iphoneos;
			};
			name = Debug;
		};
		975439BA1B3917F8004060DF /* Release */ = {
			isa = XCBuildConfiguration;
			buildSettings = {
				ALWAYS_SEARCH_USER_PATHS = NO;
				CLANG_CXX_LANGUAGE_STANDARD = "gnu++0x";
				CLANG_CXX_LIBRARY = "libc++";
				CLANG_ENABLE_MODULES = YES;
				CLANG_ENABLE_OBJC_ARC = YES;
				CLANG_WARN_BOOL_CONVERSION = YES;
				CLANG_WARN_CONSTANT_CONVERSION = YES;
				CLANG_WARN_DIRECT_OBJC_ISA_USAGE = YES_ERROR;
				CLANG_WARN_EMPTY_BODY = YES;
				CLANG_WARN_ENUM_CONVERSION = YES;
				CLANG_WARN_INT_CONVERSION = YES;
				CLANG_WARN_OBJC_ROOT_CLASS = YES_ERROR;
				CLANG_WARN_UNREACHABLE_CODE = YES;
				CLANG_WARN__DUPLICATE_METHOD_MATCH = YES;
				"CODE_SIGN_IDENTITY[sdk=iphoneos*]" = "iPhone Developer";
				COPY_PHASE_STRIP = NO;
				DEBUG_INFORMATION_FORMAT = "dwarf-with-dsym";
				ENABLE_NS_ASSERTIONS = NO;
				ENABLE_STRICT_OBJC_MSGSEND = YES;
				GCC_C_LANGUAGE_STANDARD = gnu99;
				GCC_NO_COMMON_BLOCKS = YES;
				GCC_WARN_64_TO_32_BIT_CONVERSION = YES;
				GCC_WARN_ABOUT_RETURN_TYPE = YES_ERROR;
				GCC_WARN_UNDECLARED_SELECTOR = YES;
				GCC_WARN_UNINITIALIZED_AUTOS = YES_AGGRESSIVE;
				GCC_WARN_UNUSED_FUNCTION = YES;
				GCC_WARN_UNUSED_VARIABLE = YES;
				IPHONEOS_DEPLOYMENT_TARGET = 8.3;
				MTL_ENABLE_DEBUG_INFO = NO;
				SDKROOT = iphoneos;
				VALIDATE_PRODUCT = YES;
			};
			name = Release;
		};
		975439BC1B3917F8004060DF /* Debug */ = {
			isa = XCBuildConfiguration;
			baseConfigurationReference = A86FD82D50FFB160FDFAF0C1 /* Pods-Custom.debug.xcconfig */;
			buildSettings = {
				ASSETCATALOG_COMPILER_APPICON_NAME = AppIcon;
				INFOPLIST_FILE = Custom/Info.plist;
				LD_RUNPATH_SEARCH_PATHS = "$(inherited) @executable_path/Frameworks";
				PRODUCT_NAME = "$(TARGET_NAME)";
			};
			name = Debug;
		};
		975439BD1B3917F8004060DF /* Release */ = {
			isa = XCBuildConfiguration;
			baseConfigurationReference = 221A887F0CA205EC64D3AC37 /* Pods-Custom.release.xcconfig */;
			buildSettings = {
				ASSETCATALOG_COMPILER_APPICON_NAME = AppIcon;
				INFOPLIST_FILE = Custom/Info.plist;
				LD_RUNPATH_SEARCH_PATHS = "$(inherited) @executable_path/Frameworks";
				PRODUCT_NAME = "$(TARGET_NAME)";
			};
			name = Release;
		};
		975439BF1B3917F8004060DF /* Debug */ = {
			isa = XCBuildConfiguration;
			buildSettings = {
				BUNDLE_LOADER = "$(TEST_HOST)";
				FRAMEWORK_SEARCH_PATHS = (
					"$(SDKROOT)/Developer/Library/Frameworks",
					"$(inherited)",
				);
				GCC_PREPROCESSOR_DEFINITIONS = (
					"DEBUG=1",
					"$(inherited)",
				);
				INFOPLIST_FILE = CustomTests/Info.plist;
				LD_RUNPATH_SEARCH_PATHS = "$(inherited) @executable_path/Frameworks @loader_path/Frameworks";
				PRODUCT_NAME = "$(TARGET_NAME)";
				TEST_HOST = "$(BUILT_PRODUCTS_DIR)/Custom.app/Custom";
			};
			name = Debug;
		};
		975439C01B3917F8004060DF /* Release */ = {
			isa = XCBuildConfiguration;
			buildSettings = {
				BUNDLE_LOADER = "$(TEST_HOST)";
				FRAMEWORK_SEARCH_PATHS = (
					"$(SDKROOT)/Developer/Library/Frameworks",
					"$(inherited)",
				);
				INFOPLIST_FILE = CustomTests/Info.plist;
				LD_RUNPATH_SEARCH_PATHS = "$(inherited) @executable_path/Frameworks @loader_path/Frameworks";
				PRODUCT_NAME = "$(TARGET_NAME)";
				TEST_HOST = "$(BUILT_PRODUCTS_DIR)/Custom.app/Custom";
			};
			name = Release;
		};
/* End XCBuildConfiguration section */

/* Begin XCConfigurationList section */
		975439931B3917F8004060DF /* Build configuration list for PBXProject "Custom" */ = {
			isa = XCConfigurationList;
			buildConfigurations = (
				975439B91B3917F8004060DF /* Debug */,
				975439BA1B3917F8004060DF /* Release */,
			);
			defaultConfigurationIsVisible = 0;
			defaultConfigurationName = Release;
		};
		975439BB1B3917F8004060DF /* Build configuration list for PBXNativeTarget "Custom" */ = {
			isa = XCConfigurationList;
			buildConfigurations = (
				975439BC1B3917F8004060DF /* Debug */,
				975439BD1B3917F8004060DF /* Release */,
			);
			defaultConfigurationIsVisible = 0;
			defaultConfigurationName = Release;
		};
		975439BE1B3917F8004060DF /* Build configuration list for PBXNativeTarget "CustomTests" */ = {
			isa = XCConfigurationList;
			buildConfigurations = (
				975439BF1B3917F8004060DF /* Debug */,
				975439C01B3917F8004060DF /* Release */,
			);
			defaultConfigurationIsVisible = 0;
			defaultConfigurationName = Release;
		};
/* End XCConfigurationList section */
	};
	rootObject = 975439901B3917F8004060DF /* Project object */;
}
